{
  "name": "duktape-webgl-generator",
  "version": "0.0.0",
  "lockfileVersion": 1,
  "requires": true,
  "dependencies": {
    "lodash": {
      "version": "4.17.21",
      "resolved": "https://registry.npmjs.org/lodash/-/lodash-4.17.21.tgz",
      "integrity": "sha512-v2kDEe57lecTulaDIuNTPy3Ry4gLGJ6Z1O3vE1krgXZNrsQ+LFTGHVxVjcXPs17LhbZVGedAJv8XZ1tvj5FvSg=="
    },
    "webidl2": {
      "version": "18.0.1",
      "resolved": "https://registry.npmjs.org/webidl2/-/webidl2-18.0.1.tgz",
      "integrity": "sha512-jn+DoqnwqyUlYqeDyzP+HWZoKp/JNLnMgZcRhH08beaL9AKTqZWWeLZ+IQNYeB0ZK5/mDwFYxiAWt2rkbFjPsg=="
    }
  }
}
