{
  "name": "duktape-webgl-generator",
  "version": "0.0.0",
  "lockfileVersion": 1,
  "requires": true,
  "dependencies": {
    "lodash": {
      "version": "4.17.21",
      "resolved": "https://registry.npmjs.org/lodash/-/lodash-4.17.21.tgz",
      "integrity": "sha512-v2kDEe57lecTulaDIuNTPy3Ry4gLGJ6Z1O3vE1krgXZNrsQ+LFTGHVxVjcXPs17LhbZVGedAJv8XZ1tvj5FvSg=="
    },
    "webidl2": {
      "version": "17.0.2",
      "resolved": "https://registry.npmjs.org/webidl2/-/webidl2-17.0.2.tgz",
      "integrity": "sha512-5r/G/HbojdwBzm0vjCm2AMHCqEfaIiyhWjrqGLfOx8GiqadAIrV9LbMyQoq0gf6+B/LqUw3yPdFst7aAKQ8D/g=="
    }
  }
}
